
Microsoft Visual Studio Solution File, Format Version 12.00
# Visual Studio Version 16
VisualStudioVersion = 16.0.30406.217
MinimumVisualStudioVersion = 10.0.40219.1
Project("{FAE04EC0-301F-11D3-BF4B-00C04F79EFBC}") = "TestConsoleApp", "TestConsoleApp.csproj", "{671492DF-5FC6-4A64-A9D2-DBA46E76F787}"
EndProject
Global
	GlobalSection(SolutionConfigurationPlatforms) = preSolution
		Debug|Any CPU = Debug|Any CPU
		Release|Any CPU = Release|Any CPU
	EndGlobalSection
	GlobalSection(ProjectConfigurationPlatforms) = postSolution
		{671492DF-5FC6-4A64-A9D2-DBA46E76F787}.Debug|Any CPU.ActiveCfg = Debug|Any CPU
		{671492DF-5FC6-4A64-A9D2-DBA46E76F787}.Debug|Any CPU.Build.0 = Debug|Any CPU
		{671492DF-5FC6-4A64-A9D2-DBA46E76F787}.Release|Any CPU.ActiveCfg = Release|Any CPU
		{671492DF-5FC6-4A64-A9D2-DBA46E76F787}.Release|Any CPU.Build.0 = Release|Any CPU
	EndGlobalSection
	GlobalSection(SolutionProperties) = preSolution
		HideSolutionNode = FALSE
	EndGlobalSection
	GlobalSection(ExtensibilityGlobals) = postSolution
		SolutionGuid = {D0751D37-E919-4657-8DD2-8CB3685C2D04}
	EndGlobalSection
EndGlobal
